
Microsoft Visual Studio Solution File, Format Version 12.00
# Visual Studio Version 17
VisualStudioVersion = 17.6.33829.357
MinimumVisualStudioVersion = 10.0.40219.1
Project("{FAE04EC0-301F-11D3-BF4B-00C04F79EFBC}") = "TagsConverter", "TagsConverter\TagsConverter.csproj", "{1BD7A37B-EFE6-4458-BD50-79F50B0B8D9D}"
EndProject
Global
	GlobalSection(SolutionConfigurationPlatforms) = preSolution
		Debug|Any CPU = Debug|Any CPU
		Release|Any CPU = Release|Any CPU
	EndGlobalSection
	GlobalSection(ProjectConfigurationPlatforms) = postSolution
		{1BD7A37B-EFE6-4458-BD50-79F50B0B8D9D}.Debug|Any CPU.ActiveCfg = Debug|Any CPU
		{1BD7A37B-EFE6-4458-BD50-79F50B0B8D9D}.Debug|Any CPU.Build.0 = Debug|Any CPU
		{1BD7A37B-EFE6-4458-BD50-79F50B0B8D9D}.Release|Any CPU.ActiveCfg = Release|Any CPU
		{1BD7A37B-EFE6-4458-BD50-79F50B0B8D9D}.Release|Any CPU.Build.0 = Release|Any CPU
	EndGlobalSection
	GlobalSection(SolutionProperties) = preSolution
		HideSolutionNode = FALSE
	EndGlobalSection
	GlobalSection(ExtensibilityGlobals) = postSolution
		SolutionGuid = {D52224E0-0A2E-429C-B682-FE09EA4D799B}
	EndGlobalSection
EndGlobal
